
Microsoft Visual Studio Solution File, Format Version 12.00
# Visual Studio Version 17
VisualStudioVersion = 17.5.002.0
MinimumVisualStudioVersion = 10.0.40219.1
Project("{9A19103F-16F7-4668-BE54-9A1E7A4F7556}") = "TeleportationSample", "TeleportationSample.csproj", "{9D034502-6939-4B2E-B836-540ADC933251}"
EndProject
Global
	GlobalSection(SolutionConfigurationPlatforms) = preSolution
		Debug|Any CPU = Debug|Any CPU
		Release|Any CPU = Release|Any CPU
	EndGlobalSection
	GlobalSection(ProjectConfigurationPlatforms) = postSolution
		{9D034502-6939-4B2E-B836-540ADC933251}.Debug|Any CPU.ActiveCfg = Debug|Any CPU
		{9D034502-6939-4B2E-B836-540ADC933251}.Debug|Any CPU.Build.0 = Debug|Any CPU
		{9D034502-6939-4B2E-B836-540ADC933251}.Release|Any CPU.ActiveCfg = Release|Any CPU
		{9D034502-6939-4B2E-B836-540ADC933251}.Release|Any CPU.Build.0 = Release|Any CPU
	EndGlobalSection
	GlobalSection(SolutionProperties) = preSolution
		HideSolutionNode = FALSE
	EndGlobalSection
	GlobalSection(ExtensibilityGlobals) = postSolution
		SolutionGuid = {968E2F6C-ACF9-47DF-8EB5-2F00DFBA00A3}
	EndGlobalSection
EndGlobal
